
Microsoft Visual Studio Solution File, Format Version 12.00
# Visual Studio 14
VisualStudioVersion = 14.0.25420.1
MinimumVisualStudioVersion = 10.0.40219.1
Project("{8BC9CEB8-8B4A-11D0-8D11-00A0C91BC942}") = "Lab_3", "ConsoleApplication3\ConsoleApplication3.vcxproj", "{3067F036-4B15-4E99-91C9-58BA14DE102F}"
EndProject
Project("{8BC9CEB8-8B4A-11D0-8D11-00A0C91BC942}") = "lab_4", "lab_4\lab_4.vcxproj", "{6090032E-FDD3-4E10-83D6-6DD43214CBD2}"
EndProject
Project("{8BC9CEB8-8B4A-11D0-8D11-00A0C91BC942}") = "lab_5", "lab_5\lab_5.vcxproj", "{24A69D14-D05E-4CDB-AC14-E09CC10451A6}"
EndProject
Project("{8BC9CEB8-8B4A-11D0-8D11-00A0C91BC942}") = "lab6", "lab6\lab6.vcxproj", "{A434A410-DDDB-4CCC-BA47-03277CC50831}"
EndProject
Project("{8BC9CEB8-8B4A-11D0-8D11-00A0C91BC942}") = "lab7_v9_file", "lab7\lab7.vcxproj", "{7D102589-55BB-4DAB-9B36-2EBC24158A5E}"
EndProject
Project("{8BC9CEB8-8B4A-11D0-8D11-00A0C91BC942}") = "lab4_ind_9V", "lab4_ind_9V\lab4_ind_9V.vcxproj", "{A46E5AD7-0DB1-4F08-91AC-661C0C32FF27}"
EndProject
Project("{8BC9CEB8-8B4A-11D0-8D11-00A0C91BC942}") = "lab4_ind_3", "lab4_ind_3\lab4_ind_3.vcxproj", "{E7F22A36-7FAD-413F-BFCE-56D7288FF4C3}"
EndProject
Project("{8BC9CEB8-8B4A-11D0-8D11-00A0C91BC942}") = "lab5_V9_ind4", "lab5_V9_ind4\lab5_V9_ind4.vcxproj", "{28E274C9-2DDD-44A9-A5AD-9CC772292F14}"
EndProject
Project("{8BC9CEB8-8B4A-11D0-8D11-00A0C91BC942}") = "lab5_task5_V9", "lab5_task5_V9\lab5_task5_V9.vcxproj", "{CB1F02AF-E32C-4D15-86C7-B8447687C942}"
EndProject
Project("{8BC9CEB8-8B4A-11D0-8D11-00A0C91BC942}") = "lab5_task6_v9", "lab5_task6_v9\lab5_task6_v9.vcxproj", "{D9713362-62F0-45DF-BE7A-6EF9B4649D91}"
EndProject
Project("{8BC9CEB8-8B4A-11D0-8D11-00A0C91BC942}") = "Lab_2", "Lab_2\Lab_2.vcxproj", "{66018CB3-5C07-4AC9-8506-5067051507B5}"
EndProject
Project("{8BC9CEB8-8B4A-11D0-8D11-00A0C91BC942}") = "lab6_ind_V9", "lab6_ind_V9\lab6_ind_V9.vcxproj", "{059B47F5-12D3-4082-B9EC-D5BC6F637561}"
EndProject
Project("{8BC9CEB8-8B4A-11D0-8D11-00A0C91BC942}") = "lab7_binary", "lab7_binary\lab7_binary.vcxproj", "{99030702-FA35-4E81-817F-B8369B42B3EE}"
EndProject
Global
	GlobalSection(SolutionConfigurationPlatforms) = preSolution
		Debug|x64 = Debug|x64
		Debug|x86 = Debug|x86
		Release|x64 = Release|x64
		Release|x86 = Release|x86
	EndGlobalSection
	GlobalSection(ProjectConfigurationPlatforms) = postSolution
		{3067F036-4B15-4E99-91C9-58BA14DE102F}.Debug|x64.ActiveCfg = Debug|x64
		{3067F036-4B15-4E99-91C9-58BA14DE102F}.Debug|x64.Build.0 = Debug|x64
		{3067F036-4B15-4E99-91C9-58BA14DE102F}.Debug|x86.ActiveCfg = Debug|Win32
		{3067F036-4B15-4E99-91C9-58BA14DE102F}.Debug|x86.Build.0 = Debug|Win32
		{3067F036-4B15-4E99-91C9-58BA14DE102F}.Release|x64.ActiveCfg = Release|x64
		{3067F036-4B15-4E99-91C9-58BA14DE102F}.Release|x64.Build.0 = Release|x64
		{3067F036-4B15-4E99-91C9-58BA14DE102F}.Release|x86.ActiveCfg = Release|Win32
		{3067F036-4B15-4E99-91C9-58BA14DE102F}.Release|x86.Build.0 = Release|Win32
		{6090032E-FDD3-4E10-83D6-6DD43214CBD2}.Debug|x64.ActiveCfg = Debug|x64
		{6090032E-FDD3-4E10-83D6-6DD43214CBD2}.Debug|x64.Build.0 = Debug|x64
		{6090032E-FDD3-4E10-83D6-6DD43214CBD2}.Debug|x86.ActiveCfg = Debug|Win32
		{6090032E-FDD3-4E10-83D6-6DD43214CBD2}.Debug|x86.Build.0 = Debug|Win32
		{6090032E-FDD3-4E10-83D6-6DD43214CBD2}.Release|x64.ActiveCfg = Release|x64
		{6090032E-FDD3-4E10-83D6-6DD43214CBD2}.Release|x64.Build.0 = Release|x64
		{6090032E-FDD3-4E10-83D6-6DD43214CBD2}.Release|x86.ActiveCfg = Release|Win32
		{6090032E-FDD3-4E10-83D6-6DD43214CBD2}.Release|x86.Build.0 = Release|Win32
		{24A69D14-D05E-4CDB-AC14-E09CC10451A6}.Debug|x64.ActiveCfg = Debug|x64
		{24A69D14-D05E-4CDB-AC14-E09CC10451A6}.Debug|x64.Build.0 = Debug|x64
		{24A69D14-D05E-4CDB-AC14-E09CC10451A6}.Debug|x86.ActiveCfg = Debug|Win32
		{24A69D14-D05E-4CDB-AC14-E09CC10451A6}.Debug|x86.Build.0 = Debug|Win32
		{24A69D14-D05E-4CDB-AC14-E09CC10451A6}.Release|x64.ActiveCfg = Release|x64
		{24A69D14-D05E-4CDB-AC14-E09CC10451A6}.Release|x64.Build.0 = Release|x64
		{24A69D14-D05E-4CDB-AC14-E09CC10451A6}.Release|x86.ActiveCfg = Release|Win32
		{24A69D14-D05E-4CDB-AC14-E09CC10451A6}.Release|x86.Build.0 = Release|Win32
		{A434A410-DDDB-4CCC-BA47-03277CC50831}.Debug|x64.ActiveCfg = Debug|x64
		{A434A410-DDDB-4CCC-BA47-03277CC50831}.Debug|x64.Build.0 = Debug|x64
		{A434A410-DDDB-4CCC-BA47-03277CC50831}.Debug|x86.ActiveCfg = Debug|Win32
		{A434A410-DDDB-4CCC-BA47-03277CC50831}.Debug|x86.Build.0 = Debug|Win32
		{A434A410-DDDB-4CCC-BA47-03277CC50831}.Release|x64.ActiveCfg = Release|x64
		{A434A410-DDDB-4CCC-BA47-03277CC50831}.Release|x64.Build.0 = Release|x64
		{A434A410-DDDB-4CCC-BA47-03277CC50831}.Release|x86.ActiveCfg = Release|Win32
		{A434A410-DDDB-4CCC-BA47-03277CC50831}.Release|x86.Build.0 = Release|Win32
		{7D102589-55BB-4DAB-9B36-2EBC24158A5E}.Debug|x64.ActiveCfg = Debug|x64
		{7D102589-55BB-4DAB-9B36-2EBC24158A5E}.Debug|x64.Build.0 = Debug|x64
		{7D102589-55BB-4DAB-9B36-2EBC24158A5E}.Debug|x86.ActiveCfg = Debug|Win32
		{7D102589-55BB-4DAB-9B36-2EBC24158A5E}.Debug|x86.Build.0 = Debug|Win32
		{7D102589-55BB-4DAB-9B36-2EBC24158A5E}.Release|x64.ActiveCfg = Release|x64
		{7D102589-55BB-4DAB-9B36-2EBC24158A5E}.Release|x64.Build.0 = Release|x64
		{7D102589-55BB-4DAB-9B36-2EBC24158A5E}.Release|x86.ActiveCfg = Release|Win32
		{7D102589-55BB-4DAB-9B36-2EBC24158A5E}.Release|x86.Build.0 = Release|Win32
		{A46E5AD7-0DB1-4F08-91AC-661C0C32FF27}.Debug|x64.ActiveCfg = Debug|x64
		{A46E5AD7-0DB1-4F08-91AC-661C0C32FF27}.Debug|x64.Build.0 = Debug|x64
		{A46E5AD7-0DB1-4F08-91AC-661C0C32FF27}.Debug|x86.ActiveCfg = Debug|Win32
		{A46E5AD7-0DB1-4F08-91AC-661C0C32FF27}.Debug|x86.Build.0 = Debug|Win32
		{A46E5AD7-0DB1-4F08-91AC-661C0C32FF27}.Release|x64.ActiveCfg = Release|x64
		{A46E5AD7-0DB1-4F08-91AC-661C0C32FF27}.Release|x64.Build.0 = Release|x64
		{A46E5AD7-0DB1-4F08-91AC-661C0C32FF27}.Release|x86.ActiveCfg = Release|Win32
		{A46E5AD7-0DB1-4F08-91AC-661C0C32FF27}.Release|x86.Build.0 = Release|Win32
		{E7F22A36-7FAD-413F-BFCE-56D7288FF4C3}.Debug|x64.ActiveCfg = Debug|x64
		{E7F22A36-7FAD-413F-BFCE-56D7288FF4C3}.Debug|x64.Build.0 = Debug|x64
		{E7F22A36-7FAD-413F-BFCE-56D7288FF4C3}.Debug|x86.ActiveCfg = Debug|Win32
		{E7F22A36-7FAD-413F-BFCE-56D7288FF4C3}.Debug|x86.Build.0 = Debug|Win32
		{E7F22A36-7FAD-413F-BFCE-56D7288FF4C3}.Release|x64.ActiveCfg = Release|x64
		{E7F22A36-7FAD-413F-BFCE-56D7288FF4C3}.Release|x64.Build.0 = Release|x64
		{E7F22A36-7FAD-413F-BFCE-56D7288FF4C3}.Release|x86.ActiveCfg = Release|Win32
		{E7F22A36-7FAD-413F-BFCE-56D7288FF4C3}.Release|x86.Build.0 = Release|Win32
		{28E274C9-2DDD-44A9-A5AD-9CC772292F14}.Debug|x64.ActiveCfg = Debug|x64
		{28E274C9-2DDD-44A9-A5AD-9CC772292F14}.Debug|x64.Build.0 = Debug|x64
		{28E274C9-2DDD-44A9-A5AD-9CC772292F14}.Debug|x86.ActiveCfg = Debug|Win32
		{28E274C9-2DDD-44A9-A5AD-9CC772292F14}.Debug|x86.Build.0 = Debug|Win32
		{28E274C9-2DDD-44A9-A5AD-9CC772292F14}.Release|x64.ActiveCfg = Release|x64
		{28E274C9-2DDD-44A9-A5AD-9CC772292F14}.Release|x64.Build.0 = Release|x64
		{28E274C9-2DDD-44A9-A5AD-9CC772292F14}.Release|x86.ActiveCfg = Release|Win32
		{28E274C9-2DDD-44A9-A5AD-9CC772292F14}.Release|x86.Build.0 = Release|Win32
		{CB1F02AF-E32C-4D15-86C7-B8447687C942}.Debug|x64.ActiveCfg = Debug|x64
		{CB1F02AF-E32C-4D15-86C7-B8447687C942}.Debug|x64.Build.0 = Debug|x64
		{CB1F02AF-E32C-4D15-86C7-B8447687C942}.Debug|x86.ActiveCfg = Debug|Win32
		{CB1F02AF-E32C-4D15-86C7-B8447687C942}.Debug|x86.Build.0 = Debug|Win32
		{CB1F02AF-E32C-4D15-86C7-B8447687C942}.Release|x64.ActiveCfg = Release|x64
		{CB1F02AF-E32C-4D15-86C7-B8447687C942}.Release|x64.Build.0 = Release|x64
		{CB1F02AF-E32C-4D15-86C7-B8447687C942}.Release|x86.ActiveCfg = Release|Win32
		{CB1F02AF-E32C-4D15-86C7-B8447687C942}.Release|x86.Build.0 = Release|Win32
		{D9713362-62F0-45DF-BE7A-6EF9B4649D91}.Debug|x64.ActiveCfg = Debug|x64
		{D9713362-62F0-45DF-BE7A-6EF9B4649D91}.Debug|x64.Build.0 = Debug|x64
		{D9713362-62F0-45DF-BE7A-6EF9B4649D91}.Debug|x86.ActiveCfg = Debug|Win32
		{D9713362-62F0-45DF-BE7A-6EF9B4649D91}.Debug|x86.Build.0 = Debug|Win32
		{D9713362-62F0-45DF-BE7A-6EF9B4649D91}.Release|x64.ActiveCfg = Release|x64
		{D9713362-62F0-45DF-BE7A-6EF9B4649D91}.Release|x64.Build.0 = Release|x64
		{D9713362-62F0-45DF-BE7A-6EF9B4649D91}.Release|x86.ActiveCfg = Release|Win32
		{D9713362-62F0-45DF-BE7A-6EF9B4649D91}.Release|x86.Build.0 = Release|Win32
		{66018CB3-5C07-4AC9-8506-5067051507B5}.Debug|x64.ActiveCfg = Debug|x64
		{66018CB3-5C07-4AC9-8506-5067051507B5}.Debug|x64.Build.0 = Debug|x64
		{66018CB3-5C07-4AC9-8506-5067051507B5}.Debug|x86.ActiveCfg = Debug|Win32
		{66018CB3-5C07-4AC9-8506-5067051507B5}.Debug|x86.Build.0 = Debug|Win32
		{66018CB3-5C07-4AC9-8506-5067051507B5}.Release|x64.ActiveCfg = Release|x64
		{66018CB3-5C07-4AC9-8506-5067051507B5}.Release|x64.Build.0 = Release|x64
		{66018CB3-5C07-4AC9-8506-5067051507B5}.Release|x86.ActiveCfg = Release|Win32
		{66018CB3-5C07-4AC9-8506-5067051507B5}.Release|x86.Build.0 = Release|Win32
		{059B47F5-12D3-4082-B9EC-D5BC6F637561}.Debug|x64.ActiveCfg = Debug|x64
		{059B47F5-12D3-4082-B9EC-D5BC6F637561}.Debug|x64.Build.0 = Debug|x64
		{059B47F5-12D3-4082-B9EC-D5BC6F637561}.Debug|x86.ActiveCfg = Debug|Win32
		{059B47F5-12D3-4082-B9EC-D5BC6F637561}.Debug|x86.Build.0 = Debug|Win32
		{059B47F5-12D3-4082-B9EC-D5BC6F637561}.Release|x64.ActiveCfg = Release|x64
		{059B47F5-12D3-4082-B9EC-D5BC6F637561}.Release|x64.Build.0 = Release|x64
		{059B47F5-12D3-4082-B9EC-D5BC6F637561}.Release|x86.ActiveCfg = Release|Win32
		{059B47F5-12D3-4082-B9EC-D5BC6F637561}.Release|x86.Build.0 = Release|Win32
		{99030702-FA35-4E81-817F-B8369B42B3EE}.Debug|x64.ActiveCfg = Debug|x64
		{99030702-FA35-4E81-817F-B8369B42B3EE}.Debug|x64.Build.0 = Debug|x64
		{99030702-FA35-4E81-817F-B8369B42B3EE}.Debug|x86.ActiveCfg = Debug|Win32
		{99030702-FA35-4E81-817F-B8369B42B3EE}.Debug|x86.Build.0 = Debug|Win32
		{99030702-FA35-4E81-817F-B8369B42B3EE}.Release|x64.ActiveCfg = Release|x64
		{99030702-FA35-4E81-817F-B8369B42B3EE}.Release|x64.Build.0 = Release|x64
		{99030702-FA35-4E81-817F-B8369B42B3EE}.Release|x86.ActiveCfg = Release|Win32
		{99030702-FA35-4E81-817F-B8369B42B3EE}.Release|x86.Build.0 = Release|Win32
	EndGlobalSection
	GlobalSection(SolutionProperties) = preSolution
		HideSolutionNode = FALSE
	EndGlobalSection
EndGlobal
