
Microsoft Visual Studio Solution File, Format Version 12.00
# Visual Studio 14
VisualStudioVersion = 14.0.25420.1
MinimumVisualStudioVersion = 10.0.40219.1
Project("{FAE04EC0-301F-11D3-BF4B-00C04F79EFBC}") = "01_overloading", "Labs_OOP\01_overloading.csproj", "{A63DE08A-E4E2-45D0-83CA-6B2401B210C0}"
EndProject
Project("{FAE04EC0-301F-11D3-BF4B-00C04F79EFBC}") = "02_IOfiles", "02_IOfiles\02_IOfiles.csproj", "{6897E0DE-61DE-47FF-B32B-AF6516A5ED6C}"
EndProject
Project("{FAE04EC0-301F-11D3-BF4B-00C04F79EFBC}") = "03_MatrixZeros", "03_MatrixZeros\03_MatrixZeros.csproj", "{46B52C5C-F730-49E4-8732-3C226C782068}"
EndProject
Project("{FAE04EC0-301F-11D3-BF4B-00C04F79EFBC}") = "04_CPlane 05_CPlane_ext", "CPlane\04_CPlane 05_CPlane_ext.csproj", "{F657200C-8091-4184-BEEC-A6B3808E2F9B}"
EndProject
Project("{FAE04EC0-301F-11D3-BF4B-00C04F79EFBC}") = "06_Inheritance", "06_Inheritance\06_Inheritance.csproj", "{542CE79E-6EFC-4587-BFD1-A247E0ECDEEB}"
EndProject
Project("{FAE04EC0-301F-11D3-BF4B-00C04F79EFBC}") = "07_FatherWorker", "07_FatherWorker\07_FatherWorker.csproj", "{F31B59F2-4B45-4C5C-94FE-6CC9736C1AD6}"
EndProject
Global
	GlobalSection(SolutionConfigurationPlatforms) = preSolution
		Debug|Any CPU = Debug|Any CPU
		Release|Any CPU = Release|Any CPU
	EndGlobalSection
	GlobalSection(ProjectConfigurationPlatforms) = postSolution
		{A63DE08A-E4E2-45D0-83CA-6B2401B210C0}.Debug|Any CPU.ActiveCfg = Debug|Any CPU
		{A63DE08A-E4E2-45D0-83CA-6B2401B210C0}.Debug|Any CPU.Build.0 = Debug|Any CPU
		{A63DE08A-E4E2-45D0-83CA-6B2401B210C0}.Release|Any CPU.ActiveCfg = Release|Any CPU
		{A63DE08A-E4E2-45D0-83CA-6B2401B210C0}.Release|Any CPU.Build.0 = Release|Any CPU
		{6897E0DE-61DE-47FF-B32B-AF6516A5ED6C}.Debug|Any CPU.ActiveCfg = Debug|Any CPU
		{6897E0DE-61DE-47FF-B32B-AF6516A5ED6C}.Debug|Any CPU.Build.0 = Debug|Any CPU
		{6897E0DE-61DE-47FF-B32B-AF6516A5ED6C}.Release|Any CPU.ActiveCfg = Release|Any CPU
		{6897E0DE-61DE-47FF-B32B-AF6516A5ED6C}.Release|Any CPU.Build.0 = Release|Any CPU
		{46B52C5C-F730-49E4-8732-3C226C782068}.Debug|Any CPU.ActiveCfg = Debug|Any CPU
		{46B52C5C-F730-49E4-8732-3C226C782068}.Debug|Any CPU.Build.0 = Debug|Any CPU
		{46B52C5C-F730-49E4-8732-3C226C782068}.Release|Any CPU.ActiveCfg = Release|Any CPU
		{46B52C5C-F730-49E4-8732-3C226C782068}.Release|Any CPU.Build.0 = Release|Any CPU
		{F657200C-8091-4184-BEEC-A6B3808E2F9B}.Debug|Any CPU.ActiveCfg = Debug|Any CPU
		{F657200C-8091-4184-BEEC-A6B3808E2F9B}.Debug|Any CPU.Build.0 = Debug|Any CPU
		{F657200C-8091-4184-BEEC-A6B3808E2F9B}.Release|Any CPU.ActiveCfg = Release|Any CPU
		{F657200C-8091-4184-BEEC-A6B3808E2F9B}.Release|Any CPU.Build.0 = Release|Any CPU
		{542CE79E-6EFC-4587-BFD1-A247E0ECDEEB}.Debug|Any CPU.ActiveCfg = Debug|Any CPU
		{542CE79E-6EFC-4587-BFD1-A247E0ECDEEB}.Debug|Any CPU.Build.0 = Debug|Any CPU
		{542CE79E-6EFC-4587-BFD1-A247E0ECDEEB}.Release|Any CPU.ActiveCfg = Release|Any CPU
		{542CE79E-6EFC-4587-BFD1-A247E0ECDEEB}.Release|Any CPU.Build.0 = Release|Any CPU
		{F31B59F2-4B45-4C5C-94FE-6CC9736C1AD6}.Debug|Any CPU.ActiveCfg = Debug|Any CPU
		{F31B59F2-4B45-4C5C-94FE-6CC9736C1AD6}.Debug|Any CPU.Build.0 = Debug|Any CPU
		{F31B59F2-4B45-4C5C-94FE-6CC9736C1AD6}.Release|Any CPU.ActiveCfg = Release|Any CPU
		{F31B59F2-4B45-4C5C-94FE-6CC9736C1AD6}.Release|Any CPU.Build.0 = Release|Any CPU
	EndGlobalSection
	GlobalSection(SolutionProperties) = preSolution
		HideSolutionNode = FALSE
	EndGlobalSection
EndGlobal
